// !$*UTF8*$!
{
	archiveVersion = 1;
	classes = {
	};
	objectVersion = 46;
	objects = {

/* Begin PBXBuildFile section */
		7C1144DB1A3CBE92005C527D /* VTMovingDotDemoViewController.m in Sources */ = {isa = PBXBuildFile; fileRef = 7C1144DA1A3CBE92005C527D /* VTMovingDotDemoViewController.m */; };
		7C1144DE1A3CBEEE005C527D /* VTVerticalListViewController.m in Sources */ = {isa = PBXBuildFile; fileRef = 7C1144DD1A3CBEEE005C527D /* VTVerticalListViewController.m */; };
		7C1144E11A3CD4B1005C527D /* VTMainMenuViewController.m in Sources */ = {isa = PBXBuildFile; fileRef = 7C1144E01A3CD4B1005C527D /* VTMainMenuViewController.m */; };
		7C3CA0AB1A3AB90F005C541E /* main.m in Sources */ = {isa = PBXBuildFile; fileRef = 7C3CA0AA1A3AB90F005C541E /* main.m */; };
		7C3CA0AE1A3AB90F005C541E /* AppDelegate.m in Sources */ = {isa = PBXBuildFile; fileRef = 7C3CA0AD1A3AB90F005C541E /* AppDelegate.m */; };
		7C3CA0B11A3AB90F005C541E /* VTRemoteControl.m in Sources */ = {isa = PBXBuildFile; fileRef = 7C3CA0B01A3AB90F005C541E /* VTRemoteControl.m */; };
		7C3CA0B61A3AB90F005C541E /* Images.xcassets in Resources */ = {isa = PBXBuildFile; fileRef = 7C3CA0B51A3AB90F005C541E /* Images.xcassets */; };
		7C3CA0B91A3AB90F005C541E /* LaunchScreen.xib in Resources */ = {isa = PBXBuildFile; fileRef = 7C3CA0B71A3AB90F005C541E /* LaunchScreen.xib */; };
		7C3CA0C51A3AB910005C541E /* VientoTests.m in Sources */ = {isa = PBXBuildFile; fileRef = 7C3CA0C41A3AB910005C541E /* VientoTests.m */; };
		7C3CA0D01A3AC30C005C541E /* VTExternalViewController.m in Sources */ = {isa = PBXBuildFile; fileRef = 7C3CA0CF1A3AC30C005C541E /* VTExternalViewController.m */; };
		7C8E6AAB1A3E8C1B00E06F90 /* VTHorizontalBrowsingViewController.m in Sources */ = {isa = PBXBuildFile; fileRef = 7C8E6AAA1A3E8C1B00E06F90 /* VTHorizontalBrowsingViewController.m */; };
		7CC864C31A41EC40008E1216 /* VTHorizontalScrollViewWithStuff.m in Sources */ = {isa = PBXBuildFile; fileRef = 7CC864C21A41EC40008E1216 /* VTHorizontalScrollViewWithStuff.m */; };
		7CCE91651A422AA500301024 /* VTKeyboardViewController.m in Sources */ = {isa = PBXBuildFile; fileRef = 7CCE91641A422AA500301024 /* VTKeyboardViewController.m */; };
/* End PBXBuildFile section */

/* Begin PBXContainerItemProxy section */
		7C3CA0BF1A3AB910005C541E /* PBXContainerItemProxy */ = {
			isa = PBXContainerItemProxy;
			containerPortal = 7C3CA09D1A3AB90F005C541E /* Project object */;
			proxyType = 1;
			remoteGlobalIDString = 7C3CA0A41A3AB90F005C541E;
			remoteInfo = Viento;
		};
/* End PBXContainerItemProxy section */

/* Begin PBXFileReference section */
		7C1144D91A3CBE92005C527D /* VTMovingDotDemoViewController.h */ = {isa = PBXFileReference; fileEncoding = 4; lastKnownFileType = sourcecode.c.h; path = VTMovingDotDemoViewController.h; sourceTree = "<group>"; };
		7C1144DA1A3CBE92005C527D /* VTMovingDotDemoViewController.m */ = {isa = PBXFileReference; fileEncoding = 4; lastKnownFileType = sourcecode.c.objc; path = VTMovingDotDemoViewController.m; sourceTree = "<group>"; };
		7C1144DC1A3CBEEE005C527D /* VTVerticalListViewController.h */ = {isa = PBXFileReference; fileEncoding = 4; lastKnownFileType = sourcecode.c.h; path = VTVerticalListViewController.h; sourceTree = "<group>"; };
		7C1144DD1A3CBEEE005C527D /* VTVerticalListViewController.m */ = {isa = PBXFileReference; fileEncoding = 4; lastKnownFileType = sourcecode.c.objc; path = VTVerticalListViewController.m; sourceTree = "<group>"; };
		7C1144DF1A3CD4B1005C527D /* VTMainMenuViewController.h */ = {isa = PBXFileReference; fileEncoding = 4; lastKnownFileType = sourcecode.c.h; path = VTMainMenuViewController.h; sourceTree = "<group>"; };
		7C1144E01A3CD4B1005C527D /* VTMainMenuViewController.m */ = {isa = PBXFileReference; fileEncoding = 4; lastKnownFileType = sourcecode.c.objc; path = VTMainMenuViewController.m; sourceTree = "<group>"; };
		7C3CA0A51A3AB90F005C541E /* Viento.app */ = {isa = PBXFileReference; explicitFileType = wrapper.application; includeInIndex = 0; path = Viento.app; sourceTree = BUILT_PRODUCTS_DIR; };
		7C3CA0A91A3AB90F005C541E /* Info.plist */ = {isa = PBXFileReference; lastKnownFileType = text.plist.xml; path = Info.plist; sourceTree = "<group>"; };
		7C3CA0AA1A3AB90F005C541E /* main.m */ = {isa = PBXFileReference; lastKnownFileType = sourcecode.c.objc; path = main.m; sourceTree = "<group>"; };
		7C3CA0AC1A3AB90F005C541E /* AppDelegate.h */ = {isa = PBXFileReference; lastKnownFileType = sourcecode.c.h; path = AppDelegate.h; sourceTree = "<group>"; };
		7C3CA0AD1A3AB90F005C541E /* AppDelegate.m */ = {isa = PBXFileReference; lastKnownFileType = sourcecode.c.objc; path = AppDelegate.m; sourceTree = "<group>"; };
		7C3CA0AF1A3AB90F005C541E /* VTRemoteControl.h */ = {isa = PBXFileReference; lastKnownFileType = sourcecode.c.h; path = VTRemoteControl.h; sourceTree = "<group>"; };
		7C3CA0B01A3AB90F005C541E /* VTRemoteControl.m */ = {isa = PBXFileReference; lastKnownFileType = sourcecode.c.objc; path = VTRemoteControl.m; sourceTree = "<group>"; };
		7C3CA0B51A3AB90F005C541E /* Images.xcassets */ = {isa = PBXFileReference; lastKnownFileType = folder.assetcatalog; path = Images.xcassets; sourceTree = "<group>"; };
		7C3CA0B81A3AB90F005C541E /* Base */ = {isa = PBXFileReference; lastKnownFileType = file.xib; name = Base; path = Base.lproj/LaunchScreen.xib; sourceTree = "<group>"; };
		7C3CA0BE1A3AB910005C541E /* VientoTests.xctest */ = {isa = PBXFileReference; explicitFileType = wrapper.cfbundle; includeInIndex = 0; path = VientoTests.xctest; sourceTree = BUILT_PRODUCTS_DIR; };
		7C3CA0C31A3AB910005C541E /* Info.plist */ = {isa = PBXFileReference; lastKnownFileType = text.plist.xml; path = Info.plist; sourceTree = "<group>"; };
		7C3CA0C41A3AB910005C541E /* VientoTests.m */ = {isa = PBXFileReference; lastKnownFileType = sourcecode.c.objc; path = VientoTests.m; sourceTree = "<group>"; };
		7C3CA0CE1A3AC30C005C541E /* VTExternalViewController.h */ = {isa = PBXFileReference; fileEncoding = 4; lastKnownFileType = sourcecode.c.h; path = VTExternalViewController.h; sourceTree = "<group>"; };
		7C3CA0CF1A3AC30C005C541E /* VTExternalViewController.m */ = {isa = PBXFileReference; fileEncoding = 4; lastKnownFileType = sourcecode.c.objc; path = VTExternalViewController.m; sourceTree = "<group>"; };
		7C8E6AA91A3E8C1B00E06F90 /* VTHorizontalBrowsingViewController.h */ = {isa = PBXFileReference; fileEncoding = 4; lastKnownFileType = sourcecode.c.h; path = VTHorizontalBrowsingViewController.h; sourceTree = "<group>"; };
		7C8E6AAA1A3E8C1B00E06F90 /* VTHorizontalBrowsingViewController.m */ = {isa = PBXFileReference; fileEncoding = 4; lastKnownFileType = sourcecode.c.objc; path = VTHorizontalBrowsingViewController.m; sourceTree = "<group>"; };
		7CC864C11A41EC40008E1216 /* VTHorizontalScrollViewWithStuff.h */ = {isa = PBXFileReference; fileEncoding = 4; lastKnownFileType = sourcecode.c.h; path = VTHorizontalScrollViewWithStuff.h; sourceTree = "<group>"; };
		7CC864C21A41EC40008E1216 /* VTHorizontalScrollViewWithStuff.m */ = {isa = PBXFileReference; fileEncoding = 4; lastKnownFileType = sourcecode.c.objc; path = VTHorizontalScrollViewWithStuff.m; sourceTree = "<group>"; };
		7CCE91631A422AA500301024 /* VTKeyboardViewController.h */ = {isa = PBXFileReference; fileEncoding = 4; lastKnownFileType = sourcecode.c.h; path = VTKeyboardViewController.h; sourceTree = "<group>"; };
		7CCE91641A422AA500301024 /* VTKeyboardViewController.m */ = {isa = PBXFileReference; fileEncoding = 4; lastKnownFileType = sourcecode.c.objc; path = VTKeyboardViewController.m; sourceTree = "<group>"; };
/* End PBXFileReference section */

/* Begin PBXFrameworksBuildPhase section */
		7C3CA0A21A3AB90F005C541E /* Frameworks */ = {
			isa = PBXFrameworksBuildPhase;
			buildActionMask = 2147483647;
			files = (
			);
			runOnlyForDeploymentPostprocessing = 0;
		};
		7C3CA0BB1A3AB910005C541E /* Frameworks */ = {
			isa = PBXFrameworksBuildPhase;
			buildActionMask = 2147483647;
			files = (
			);
			runOnlyForDeploymentPostprocessing = 0;
		};
/* End PBXFrameworksBuildPhase section */

/* Begin PBXGroup section */
		7C3CA09C1A3AB90F005C541E = {
			isa = PBXGroup;
			children = (
				7C3CA0A71A3AB90F005C541E /* Viento */,
				7C3CA0C11A3AB910005C541E /* VientoTests */,
				7C3CA0A61A3AB90F005C541E /* Products */,
			);
			sourceTree = "<group>";
		};
		7C3CA0A61A3AB90F005C541E /* Products */ = {
			isa = PBXGroup;
			children = (
				7C3CA0A51A3AB90F005C541E /* Viento.app */,
				7C3CA0BE1A3AB910005C541E /* VientoTests.xctest */,
			);
			name = Products;
			sourceTree = "<group>";
		};
		7C3CA0A71A3AB90F005C541E /* Viento */ = {
			isa = PBXGroup;
			children = (
				7C3CA0AC1A3AB90F005C541E /* AppDelegate.h */,
				7C3CA0AD1A3AB90F005C541E /* AppDelegate.m */,
				7C3CA0AF1A3AB90F005C541E /* VTRemoteControl.h */,
				7C3CA0B01A3AB90F005C541E /* VTRemoteControl.m */,
				7C3CA0CE1A3AC30C005C541E /* VTExternalViewController.h */,
				7C3CA0CF1A3AC30C005C541E /* VTExternalViewController.m */,
				7CD3DD691A40B494002584BD /* Demos */,
				7CD3DD6A1A40B49F002584BD /* Other views */,
				7C3CA0B51A3AB90F005C541E /* Images.xcassets */,
				7C3CA0B71A3AB90F005C541E /* LaunchScreen.xib */,
				7C3CA0A81A3AB90F005C541E /* Supporting Files */,
			);
			path = Viento;
			sourceTree = "<group>";
		};
		7C3CA0A81A3AB90F005C541E /* Supporting Files */ = {
			isa = PBXGroup;
			children = (
				7C3CA0A91A3AB90F005C541E /* Info.plist */,
				7C3CA0AA1A3AB90F005C541E /* main.m */,
			);
			name = "Supporting Files";
			sourceTree = "<group>";
		};
		7C3CA0C11A3AB910005C541E /* VientoTests */ = {
			isa = PBXGroup;
			children = (
				7C3CA0C41A3AB910005C541E /* VientoTests.m */,
				7C3CA0C21A3AB910005C541E /* Supporting Files */,
			);
			path = VientoTests;
			sourceTree = "<group>";
		};
		7C3CA0C21A3AB910005C541E /* Supporting Files */ = {
			isa = PBXGroup;
			children = (
				7C3CA0C31A3AB910005C541E /* Info.plist */,
			);
			name = "Supporting Files";
			sourceTree = "<group>";
		};
		7CD3DD691A40B494002584BD /* Demos */ = {
			isa = PBXGroup;
			children = (
				7C1144DF1A3CD4B1005C527D /* VTMainMenuViewController.h */,
				7C1144E01A3CD4B1005C527D /* VTMainMenuViewController.m */,
				7C1144D91A3CBE92005C527D /* VTMovingDotDemoViewController.h */,
				7C1144DA1A3CBE92005C527D /* VTMovingDotDemoViewController.m */,
				7C1144DC1A3CBEEE005C527D /* VTVerticalListViewController.h */,
				7C1144DD1A3CBEEE005C527D /* VTVerticalListViewController.m */,
				7C8E6AA91A3E8C1B00E06F90 /* VTHorizontalBrowsingViewController.h */,
				7C8E6AAA1A3E8C1B00E06F90 /* VTHorizontalBrowsingViewController.m */,
				7CCE91631A422AA500301024 /* VTKeyboardViewController.h */,
				7CCE91641A422AA500301024 /* VTKeyboardViewController.m */,
			);
			name = Demos;
			sourceTree = "<group>";
		};
		7CD3DD6A1A40B49F002584BD /* Other views */ = {
			isa = PBXGroup;
			children = (
				7CC864C11A41EC40008E1216 /* VTHorizontalScrollViewWithStuff.h */,
				7CC864C21A41EC40008E1216 /* VTHorizontalScrollViewWithStuff.m */,
			);
			name = "Other views";
			sourceTree = "<group>";
		};
/* End PBXGroup section */

/* Begin PBXNativeTarget section */
		7C3CA0A41A3AB90F005C541E /* Viento */ = {
			isa = PBXNativeTarget;
			buildConfigurationList = 7C3CA0C81A3AB910005C541E /* Build configuration list for PBXNativeTarget "Viento" */;
			buildPhases = (
				7C3CA0A11A3AB90F005C541E /* Sources */,
				7C3CA0A21A3AB90F005C541E /* Frameworks */,
				7C3CA0A31A3AB90F005C541E /* Resources */,
			);
			buildRules = (
			);
			dependencies = (
			);
			name = Viento;
			productName = Viento;
			productReference = 7C3CA0A51A3AB90F005C541E /* Viento.app */;
			productType = "com.apple.product-type.application";
		};
		7C3CA0BD1A3AB910005C541E /* VientoTests */ = {
			isa = PBXNativeTarget;
			buildConfigurationList = 7C3CA0CB1A3AB910005C541E /* Build configuration list for PBXNativeTarget "VientoTests" */;
			buildPhases = (
				7C3CA0BA1A3AB910005C541E /* Sources */,
				7C3CA0BB1A3AB910005C541E /* Frameworks */,
				7C3CA0BC1A3AB910005C541E /* Resources */,
			);
			buildRules = (
			);
			dependencies = (
				7C3CA0C01A3AB910005C541E /* PBXTargetDependency */,
			);
			name = VientoTests;
			productName = VientoTests;
			productReference = 7C3CA0BE1A3AB910005C541E /* VientoTests.xctest */;
			productType = "com.apple.product-type.bundle.unit-test";
		};
/* End PBXNativeTarget section */

/* Begin PBXProject section */
		7C3CA09D1A3AB90F005C541E /* Project object */ = {
			isa = PBXProject;
			attributes = {
				LastUpgradeCheck = 0610;
				ORGANIZATIONNAME = "Radu Dutzan";
				TargetAttributes = {
					7C3CA0A41A3AB90F005C541E = {
						CreatedOnToolsVersion = 6.1.1;
					};
					7C3CA0BD1A3AB910005C541E = {
						CreatedOnToolsVersion = 6.1.1;
						TestTargetID = 7C3CA0A41A3AB90F005C541E;
					};
				};
			};
			buildConfigurationList = 7C3CA0A01A3AB90F005C541E /* Build configuration list for PBXProject "Viento" */;
			compatibilityVersion = "Xcode 3.2";
			developmentRegion = English;
			hasScannedForEncodings = 0;
			knownRegions = (
				en,
				Base,
			);
			mainGroup = 7C3CA09C1A3AB90F005C541E;
			productRefGroup = 7C3CA0A61A3AB90F005C541E /* Products */;
			projectDirPath = "";
			projectRoot = "";
			targets = (
				7C3CA0A41A3AB90F005C541E /* Viento */,
				7C3CA0BD1A3AB910005C541E /* VientoTests */,
			);
		};
/* End PBXProject section */

/* Begin PBXResourcesBuildPhase section */
		7C3CA0A31A3AB90F005C541E /* Resources */ = {
			isa = PBXResourcesBuildPhase;
			buildActionMask = 2147483647;
			files = (
				7C3CA0B91A3AB90F005C541E /* LaunchScreen.xib in Resources */,
				7C3CA0B61A3AB90F005C541E /* Images.xcassets in Resources */,
			);
			runOnlyForDeploymentPostprocessing = 0;
		};
		7C3CA0BC1A3AB910005C541E /* Resources */ = {
			isa = PBXResourcesBuildPhase;
			buildActionMask = 2147483647;
			files = (
			);
			runOnlyForDeploymentPostprocessing = 0;
		};
/* End PBXResourcesBuildPhase section */

/* Begin PBXSourcesBuildPhase section */
		7C3CA0A11A3AB90F005C541E /* Sources */ = {
			isa = PBXSourcesBuildPhase;
			buildActionMask = 2147483647;
			files = (
				7CC864C31A41EC40008E1216 /* VTHorizontalScrollViewWithStuff.m in Sources */,
				7C1144DE1A3CBEEE005C527D /* VTVerticalListViewController.m in Sources */,
				7C3CA0B11A3AB90F005C541E /* VTRemoteControl.m in Sources */,
				7C3CA0D01A3AC30C005C541E /* VTExternalViewController.m in Sources */,
				7C3CA0AE1A3AB90F005C541E /* AppDelegate.m in Sources */,
				7C3CA0AB1A3AB90F005C541E /* main.m in Sources */,
				7C8E6AAB1A3E8C1B00E06F90 /* VTHorizontalBrowsingViewController.m in Sources */,
				7CCE91651A422AA500301024 /* VTKeyboardViewController.m in Sources */,
				7C1144DB1A3CBE92005C527D /* VTMovingDotDemoViewController.m in Sources */,
				7C1144E11A3CD4B1005C527D /* VTMainMenuViewController.m in Sources */,
			);
			runOnlyForDeploymentPostprocessing = 0;
		};
		7C3CA0BA1A3AB910005C541E /* Sources */ = {
			isa = PBXSourcesBuildPhase;
			buildActionMask = 2147483647;
			files = (
				7C3CA0C51A3AB910005C541E /* VientoTests.m in Sources */,
			);
			runOnlyForDeploymentPostprocessing = 0;
		};
/* End PBXSourcesBuildPhase section */

/* Begin PBXTargetDependency section */
		7C3CA0C01A3AB910005C541E /* PBXTargetDependency */ = {
			isa = PBXTargetDependency;
			target = 7C3CA0A41A3AB90F005C541E /* Viento */;
			targetProxy = 7C3CA0BF1A3AB910005C541E /* PBXContainerItemProxy */;
		};
/* End PBXTargetDependency section */

/* Begin PBXVariantGroup section */
		7C3CA0B71A3AB90F005C541E /* LaunchScreen.xib */ = {
			isa = PBXVariantGroup;
			children = (
				7C3CA0B81A3AB90F005C541E /* Base */,
			);
			name = LaunchScreen.xib;
			sourceTree = "<group>";
		};
/* End PBXVariantGroup section */

/* Begin XCBuildConfiguration section */
		7C3CA0C61A3AB910005C541E /* Debug */ = {
			isa = XCBuildConfiguration;
			buildSettings = {
				ALWAYS_SEARCH_USER_PATHS = NO;
				CLANG_CXX_LANGUAGE_STANDARD = "gnu++0x";
				CLANG_CXX_LIBRARY = "libc++";
				CLANG_ENABLE_MODULES = YES;
				CLANG_ENABLE_OBJC_ARC = YES;
				CLANG_WARN_BOOL_CONVERSION = YES;
				CLANG_WARN_CONSTANT_CONVERSION = YES;
				CLANG_WARN_DIRECT_OBJC_ISA_USAGE = YES_ERROR;
				CLANG_WARN_EMPTY_BODY = YES;
				CLANG_WARN_ENUM_CONVERSION = YES;
				CLANG_WARN_INT_CONVERSION = YES;
				CLANG_WARN_OBJC_ROOT_CLASS = YES_ERROR;
				CLANG_WARN_UNREACHABLE_CODE = YES;
				CLANG_WARN__DUPLICATE_METHOD_MATCH = YES;
				"CODE_SIGN_IDENTITY[sdk=iphoneos*]" = "iPhone Developer";
				COPY_PHASE_STRIP = NO;
				ENABLE_STRICT_OBJC_MSGSEND = YES;
				GCC_C_LANGUAGE_STANDARD = gnu99;
				GCC_DYNAMIC_NO_PIC = NO;
				GCC_OPTIMIZATION_LEVEL = 0;
				GCC_PREPROCESSOR_DEFINITIONS = (
					"DEBUG=1",
					"$(inherited)",
				);
				GCC_SYMBOLS_PRIVATE_EXTERN = NO;
				GCC_WARN_64_TO_32_BIT_CONVERSION = YES;
				GCC_WARN_ABOUT_RETURN_TYPE = YES_ERROR;
				GCC_WARN_UNDECLARED_SELECTOR = YES;
				GCC_WARN_UNINITIALIZED_AUTOS = YES_AGGRESSIVE;
				GCC_WARN_UNUSED_FUNCTION = YES;
				GCC_WARN_UNUSED_VARIABLE = YES;
				IPHONEOS_DEPLOYMENT_TARGET = 8.1;
				MTL_ENABLE_DEBUG_INFO = YES;
				ONLY_ACTIVE_ARCH = YES;
				SDKROOT = iphoneos;
			};
			name = Debug;
		};
		7C3CA0C71A3AB910005C541E /* Release */ = {
			isa = XCBuildConfiguration;
			buildSettings = {
				ALWAYS_SEARCH_USER_PATHS = NO;
				CLANG_CXX_LANGUAGE_STANDARD = "gnu++0x";
				CLANG_CXX_LIBRARY = "libc++";
				CLANG_ENABLE_MODULES = YES;
				CLANG_ENABLE_OBJC_ARC = YES;
				CLANG_WARN_BOOL_CONVERSION = YES;
				CLANG_WARN_CONSTANT_CONVERSION = YES;
				CLANG_WARN_DIRECT_OBJC_ISA_USAGE = YES_ERROR;
				CLANG_WARN_EMPTY_BODY = YES;
				CLANG_WARN_ENUM_CONVERSION = YES;
				CLANG_WARN_INT_CONVERSION = YES;
				CLANG_WARN_OBJC_ROOT_CLASS = YES_ERROR;
				CLANG_WARN_UNREACHABLE_CODE = YES;
				CLANG_WARN__DUPLICATE_METHOD_MATCH = YES;
				"CODE_SIGN_IDENTITY[sdk=iphoneos*]" = "iPhone Developer";
				COPY_PHASE_STRIP = YES;
				ENABLE_NS_ASSERTIONS = NO;
				ENABLE_STRICT_OBJC_MSGSEND = YES;
				GCC_C_LANGUAGE_STANDARD = gnu99;
				GCC_WARN_64_TO_32_BIT_CONVERSION = YES;
				GCC_WARN_ABOUT_RETURN_TYPE = YES_ERROR;
				GCC_WARN_UNDECLARED_SELECTOR = YES;
				GCC_WARN_UNINITIALIZED_AUTOS = YES_AGGRESSIVE;
				GCC_WARN_UNUSED_FUNCTION = YES;
				GCC_WARN_UNUSED_VARIABLE = YES;
				IPHONEOS_DEPLOYMENT_TARGET = 8.1;
				MTL_ENABLE_DEBUG_INFO = NO;
				SDKROOT = iphoneos;
				VALIDATE_PRODUCT = YES;
			};
			name = Release;
		};
		7C3CA0C91A3AB910005C541E /* Debug */ = {
			isa = XCBuildConfiguration;
			buildSettings = {
				ASSETCATALOG_COMPILER_APPICON_NAME = AppIcon;
				INFOPLIST_FILE = Viento/Info.plist;
				LD_RUNPATH_SEARCH_PATHS = "$(inherited) @executable_path/Frameworks";
				PRODUCT_NAME = "$(TARGET_NAME)";
			};
			name = Debug;
		};
		7C3CA0CA1A3AB910005C541E /* Release */ = {
			isa = XCBuildConfiguration;
			buildSettings = {
				ASSETCATALOG_COMPILER_APPICON_NAME = AppIcon;
				INFOPLIST_FILE = Viento/Info.plist;
				LD_RUNPATH_SEARCH_PATHS = "$(inherited) @executable_path/Frameworks";
				PRODUCT_NAME = "$(TARGET_NAME)";
			};
			name = Release;
		};
		7C3CA0CC1A3AB910005C541E /* Debug */ = {
			isa = XCBuildConfiguration;
			buildSettings = {
				BUNDLE_LOADER = "$(TEST_HOST)";
				FRAMEWORK_SEARCH_PATHS = (
					"$(SDKROOT)/Developer/Library/Frameworks",
					"$(inherited)",
				);
				GCC_PREPROCESSOR_DEFINITIONS = (
					"DEBUG=1",
					"$(inherited)",
				);
				INFOPLIST_FILE = VientoTests/Info.plist;
				LD_RUNPATH_SEARCH_PATHS = "$(inherited) @executable_path/Frameworks @loader_path/Frameworks";
				PRODUCT_NAME = "$(TARGET_NAME)";
				TEST_HOST = "$(BUILT_PRODUCTS_DIR)/Viento.app/Viento";
			};
			name = Debug;
		};
		7C3CA0CD1A3AB910005C541E /* Release */ = {
			isa = XCBuildConfiguration;
			buildSettings = {
				BUNDLE_LOADER = "$(TEST_HOST)";
				FRAMEWORK_SEARCH_PATHS = (
					"$(SDKROOT)/Developer/Library/Frameworks",
					"$(inherited)",
				);
				INFOPLIST_FILE = VientoTests/Info.plist;
				LD_RUNPATH_SEARCH_PATHS = "$(inherited) @executable_path/Frameworks @loader_path/Frameworks";
				PRODUCT_NAME = "$(TARGET_NAME)";
				TEST_HOST = "$(BUILT_PRODUCTS_DIR)/Viento.app/Viento";
			};
			name = Release;
		};
/* End XCBuildConfiguration section */

/* Begin XCConfigurationList section */
		7C3CA0A01A3AB90F005C541E /* Build configuration list for PBXProject "Viento" */ = {
			isa = XCConfigurationList;
			buildConfigurations = (
				7C3CA0C61A3AB910005C541E /* Debug */,
				7C3CA0C71A3AB910005C541E /* Release */,
			);
			defaultConfigurationIsVisible = 0;
			defaultConfigurationName = Release;
		};
		7C3CA0C81A3AB910005C541E /* Build configuration list for PBXNativeTarget "Viento" */ = {
			isa = XCConfigurationList;
			buildConfigurations = (
				7C3CA0C91A3AB910005C541E /* Debug */,
				7C3CA0CA1A3AB910005C541E /* Release */,
			);
			defaultConfigurationIsVisible = 0;
			defaultConfigurationName = Release;
		};
		7C3CA0CB1A3AB910005C541E /* Build configuration list for PBXNativeTarget "VientoTests" */ = {
			isa = XCConfigurationList;
			buildConfigurations = (
				7C3CA0CC1A3AB910005C541E /* Debug */,
				7C3CA0CD1A3AB910005C541E /* Release */,
			);
			defaultConfigurationIsVisible = 0;
			defaultConfigurationName = Release;
		};
/* End XCConfigurationList section */
	};
	rootObject = 7C3CA09D1A3AB90F005C541E /* Project object */;
}
